
Microsoft Visual Studio Solution File, Format Version 12.00
# Visual Studio Version 16
VisualStudioVersion = 16.0.30002.166
MinimumVisualStudioVersion = 10.0.40219.1
Project("{FAE04EC0-301F-11D3-BF4B-00C04F79EFBC}") = "ClassLibrary", "ClassLibrary.csproj", "{1C324D6E-47EF-4EB8-AC8B-EA53D78B0686}"
EndProject
Project("{FAE04EC0-301F-11D3-BF4B-00C04F79EFBC}") = "TrackerU", "..\TrackerU\TrackerU.csproj", "{931B82E3-EC27-4201-88F3-BCC7EA5E8A5B}"
EndProject
Global
	GlobalSection(SolutionConfigurationPlatforms) = preSolution
		Debug|Any CPU = Debug|Any CPU
		Release|Any CPU = Release|Any CPU
	EndGlobalSection
	GlobalSection(ProjectConfigurationPlatforms) = postSolution
		{1C324D6E-47EF-4EB8-AC8B-EA53D78B0686}.Debug|Any CPU.ActiveCfg = Debug|Any CPU
		{1C324D6E-47EF-4EB8-AC8B-EA53D78B0686}.Debug|Any CPU.Build.0 = Debug|Any CPU
		{1C324D6E-47EF-4EB8-AC8B-EA53D78B0686}.Release|Any CPU.ActiveCfg = Release|Any CPU
		{1C324D6E-47EF-4EB8-AC8B-EA53D78B0686}.Release|Any CPU.Build.0 = Release|Any CPU
		{931B82E3-EC27-4201-88F3-BCC7EA5E8A5B}.Debug|Any CPU.ActiveCfg = Debug|Any CPU
		{931B82E3-EC27-4201-88F3-BCC7EA5E8A5B}.Debug|Any CPU.Build.0 = Debug|Any CPU
		{931B82E3-EC27-4201-88F3-BCC7EA5E8A5B}.Release|Any CPU.ActiveCfg = Release|Any CPU
		{931B82E3-EC27-4201-88F3-BCC7EA5E8A5B}.Release|Any CPU.Build.0 = Release|Any CPU
	EndGlobalSection
	GlobalSection(SolutionProperties) = preSolution
		HideSolutionNode = FALSE
	EndGlobalSection
	GlobalSection(ExtensibilityGlobals) = postSolution
		SolutionGuid = {FB42EDF6-3AFC-4CFD-9BC3-62F7101983E0}
	EndGlobalSection
EndGlobal
